
Microsoft Visual Studio Solution File, Format Version 12.00
# Visual Studio Version 17
VisualStudioVersion = 17.0.32112.339
MinimumVisualStudioVersion = 10.0.40219.1
Project("{FAE04EC0-301F-11D3-BF4B-00C04F79EFBC}") = "Blazor.WASM.Loading", "Blazor.WASM.Loading\Blazor.WASM.Loading.csproj", "{3ACD4F66-9D34-41F9-A40B-572CB809A899}"
EndProject
Global
	GlobalSection(SolutionConfigurationPlatforms) = preSolution
		Debug|Any CPU = Debug|Any CPU
		Release|Any CPU = Release|Any CPU
	EndGlobalSection
	GlobalSection(ProjectConfigurationPlatforms) = postSolution
		{3ACD4F66-9D34-41F9-A40B-572CB809A899}.Debug|Any CPU.ActiveCfg = Debug|Any CPU
		{3ACD4F66-9D34-41F9-A40B-572CB809A899}.Debug|Any CPU.Build.0 = Debug|Any CPU
		{3ACD4F66-9D34-41F9-A40B-572CB809A899}.Release|Any CPU.ActiveCfg = Release|Any CPU
		{3ACD4F66-9D34-41F9-A40B-572CB809A899}.Release|Any CPU.Build.0 = Release|Any CPU
	EndGlobalSection
	GlobalSection(SolutionProperties) = preSolution
		HideSolutionNode = FALSE
	EndGlobalSection
	GlobalSection(ExtensibilityGlobals) = postSolution
		SolutionGuid = {EDD80BEA-4FFB-4E15-885A-A20EBD46C92E}
	EndGlobalSection
EndGlobal
